
Microsoft Visual Studio Solution File, Format Version 12.00
# Visual Studio 15
VisualStudioVersion = 15.0.28010.2036
MinimumVisualStudioVersion = 10.0.40219.1
Project("{FAE04EC0-301F-11D3-BF4B-00C04F79EFBC}") = "ConsoleApp18", "ConsoleApp18\ConsoleApp18.csproj", "{4433320A-3B52-4A0C-B1E3-C208185BBEA2}"
EndProject
Global
	GlobalSection(SolutionConfigurationPlatforms) = preSolution
		Debug|Any CPU = Debug|Any CPU
		Release|Any CPU = Release|Any CPU
	EndGlobalSection
	GlobalSection(ProjectConfigurationPlatforms) = postSolution
		{4433320A-3B52-4A0C-B1E3-C208185BBEA2}.Debug|Any CPU.ActiveCfg = Debug|Any CPU
		{4433320A-3B52-4A0C-B1E3-C208185BBEA2}.Debug|Any CPU.Build.0 = Debug|Any CPU
		{4433320A-3B52-4A0C-B1E3-C208185BBEA2}.Release|Any CPU.ActiveCfg = Release|Any CPU
		{4433320A-3B52-4A0C-B1E3-C208185BBEA2}.Release|Any CPU.Build.0 = Release|Any CPU
	EndGlobalSection
	GlobalSection(SolutionProperties) = preSolution
		HideSolutionNode = FALSE
	EndGlobalSection
	GlobalSection(ExtensibilityGlobals) = postSolution
		SolutionGuid = {50BF8DEB-AB73-4C2B-9EB1-CF1804C78818}
	EndGlobalSection
EndGlobal
